
Microsoft Visual Studio Solution File, Format Version 12.00
# Visual Studio Version 17
VisualStudioVersion = 17.8.34316.72
MinimumVisualStudioVersion = 10.0.40219.1
Project("{8BC9CEB8-8B4A-11D0-8D11-00A0C91BC942}") = "Pract10", "Pract10.vcxproj", "{D63DD3F6-BFE0-4EBB-8D4A-B469C20C5711}"
EndProject
Global
	GlobalSection(SolutionConfigurationPlatforms) = preSolution
		Debug|x64 = Debug|x64
		Debug|x86 = Debug|x86
		Release|x64 = Release|x64
		Release|x86 = Release|x86
	EndGlobalSection
	GlobalSection(ProjectConfigurationPlatforms) = postSolution
		{D63DD3F6-BFE0-4EBB-8D4A-B469C20C5711}.Debug|x64.ActiveCfg = Debug|x64
		{D63DD3F6-BFE0-4EBB-8D4A-B469C20C5711}.Debug|x64.Build.0 = Debug|x64
		{D63DD3F6-BFE0-4EBB-8D4A-B469C20C5711}.Debug|x86.ActiveCfg = Debug|Win32
		{D63DD3F6-BFE0-4EBB-8D4A-B469C20C5711}.Debug|x86.Build.0 = Debug|Win32
		{D63DD3F6-BFE0-4EBB-8D4A-B469C20C5711}.Release|x64.ActiveCfg = Release|x64
		{D63DD3F6-BFE0-4EBB-8D4A-B469C20C5711}.Release|x64.Build.0 = Release|x64
		{D63DD3F6-BFE0-4EBB-8D4A-B469C20C5711}.Release|x86.ActiveCfg = Release|Win32
		{D63DD3F6-BFE0-4EBB-8D4A-B469C20C5711}.Release|x86.Build.0 = Release|Win32
	EndGlobalSection
	GlobalSection(SolutionProperties) = preSolution
		HideSolutionNode = FALSE
	EndGlobalSection
	GlobalSection(ExtensibilityGlobals) = postSolution
		SolutionGuid = {0FF3496A-28DC-4D52-86CB-D8DED3FBE9BC}
	EndGlobalSection
EndGlobal
